// !$*UTF8*$!
{
	archiveVersion = 1;
	classes = {
	};
	objectVersion = 56;
	objects = {

/* Begin PBXBuildFile section */
		938496DF2C8D47EA0043C0EF /* darkpassApp.swift in Sources */ = {isa = PBXBuildFile; fileRef = 938496DE2C8D47EA0043C0EF /* darkpassApp.swift */; };
		938496E12C8D47EA0043C0EF /* ContentView.swift in Sources */ = {isa = PBXBuildFile; fileRef = 938496E02C8D47EA0043C0EF /* ContentView.swift */; };
		938496E32C8D47EC0043C0EF /* Assets.xcassets in Resources */ = {isa = PBXBuildFile; fileRef = 938496E22C8D47EC0043C0EF /* Assets.xcassets */; };
		938496E72C8D47EC0043C0EF /* Preview Assets.xcassets in Resources */ = {isa = PBXBuildFile; fileRef = 938496E62C8D47EC0043C0EF /* Preview Assets.xcassets */; };
		938496F12C8D47EC0043C0EF /* darkpassTests.swift in Sources */ = {isa = PBXBuildFile; fileRef = 938496F02C8D47EC0043C0EF /* darkpassTests.swift */; };
		938496FB2C8D47EC0043C0EF /* darkpassUITests.swift in Sources */ = {isa = PBXBuildFile; fileRef = 938496FA2C8D47EC0043C0EF /* darkpassUITests.swift */; };
		938496FD2C8D47EC0043C0EF /* darkpassUITestsLaunchTests.swift in Sources */ = {isa = PBXBuildFile; fileRef = 938496FC2C8D47EC0043C0EF /* darkpassUITestsLaunchTests.swift */; };
		9384971B2C8D55A60043C0EF /* TerminalTextField.swift in Sources */ = {isa = PBXBuildFile; fileRef = 938497092C8D55A60043C0EF /* TerminalTextField.swift */; };
		9384971C2C8D55A60043C0EF /* TerminalTextField.swift in Sources */ = {isa = PBXBuildFile; fileRef = 938497092C8D55A60043C0EF /* TerminalTextField.swift */; };
		9384971D2C8D55A60043C0EF /* TerminalTextField.swift in Sources */ = {isa = PBXBuildFile; fileRef = 938497092C8D55A60043C0EF /* TerminalTextField.swift */; };
		9384971E2C8D55A60043C0EF /* Color+Extensions.swift in Sources */ = {isa = PBXBuildFile; fileRef = 9384970B2C8D55A60043C0EF /* Color+Extensions.swift */; };
		9384971F2C8D55A60043C0EF /* Color+Extensions.swift in Sources */ = {isa = PBXBuildFile; fileRef = 9384970B2C8D55A60043C0EF /* Color+Extensions.swift */; };
		938497202C8D55A60043C0EF /* Color+Extensions.swift in Sources */ = {isa = PBXBuildFile; fileRef = 9384970B2C8D55A60043C0EF /* Color+Extensions.swift */; };
		938497212C8D55A60043C0EF /* Font+Extensions.swift in Sources */ = {isa = PBXBuildFile; fileRef = 9384970C2C8D55A60043C0EF /* Font+Extensions.swift */; };
		938497222C8D55A60043C0EF /* Font+Extensions.swift in Sources */ = {isa = PBXBuildFile; fileRef = 9384970C2C8D55A60043C0EF /* Font+Extensions.swift */; };
		938497232C8D55A60043C0EF /* Font+Extensions.swift in Sources */ = {isa = PBXBuildFile; fileRef = 9384970C2C8D55A60043C0EF /* Font+Extensions.swift */; };
		938497242C8D55A60043C0EF /* Preview Assets.xcassets in Resources */ = {isa = PBXBuildFile; fileRef = 9384970F2C8D55A60043C0EF /* Preview Assets.xcassets */; };
		938497252C8D55A60043C0EF /* Preview Assets.xcassets in Resources */ = {isa = PBXBuildFile; fileRef = 9384970F2C8D55A60043C0EF /* Preview Assets.xcassets */; };
		938497262C8D55A60043C0EF /* Preview Assets.xcassets in Resources */ = {isa = PBXBuildFile; fileRef = 9384970F2C8D55A60043C0EF /* Preview Assets.xcassets */; };
		938497272C8D55A60043C0EF /* TypingAnimation.swift in Sources */ = {isa = PBXBuildFile; fileRef = 938497112C8D55A60043C0EF /* TypingAnimation.swift */; };
		938497282C8D55A60043C0EF /* TypingAnimation.swift in Sources */ = {isa = PBXBuildFile; fileRef = 938497112C8D55A60043C0EF /* TypingAnimation.swift */; };
		938497292C8D55A60043C0EF /* TypingAnimation.swift in Sources */ = {isa = PBXBuildFile; fileRef = 938497112C8D55A60043C0EF /* TypingAnimation.swift */; };
		9384972A2C8D55A60043C0EF /* CommandLineView.swift in Sources */ = {isa = PBXBuildFile; fileRef = 938497132C8D55A60043C0EF /* CommandLineView.swift */; };
		9384972B2C8D55A60043C0EF /* CommandLineView.swift in Sources */ = {isa = PBXBuildFile; fileRef = 938497132C8D55A60043C0EF /* CommandLineView.swift */; };
		9384972C2C8D55A60043C0EF /* CommandLineView.swift in Sources */ = {isa = PBXBuildFile; fileRef = 938497132C8D55A60043C0EF /* CommandLineView.swift */; };
		9384972D2C8D55A60043C0EF /* MainView.swift in Sources */ = {isa = PBXBuildFile; fileRef = 938497142C8D55A60043C0EF /* MainView.swift */; };
		9384972E2C8D55A60043C0EF /* MainView.swift in Sources */ = {isa = PBXBuildFile; fileRef = 938497142C8D55A60043C0EF /* MainView.swift */; };
		9384972F2C8D55A60043C0EF /* MainView.swift in Sources */ = {isa = PBXBuildFile; fileRef = 938497142C8D55A60043C0EF /* MainView.swift */; };
		938497302C8D55A60043C0EF /* Assets.xcassets in Resources */ = {isa = PBXBuildFile; fileRef = 938497162C8D55A60043C0EF /* Assets.xcassets */; };
		938497312C8D55A60043C0EF /* Assets.xcassets in Resources */ = {isa = PBXBuildFile; fileRef = 938497162C8D55A60043C0EF /* Assets.xcassets */; };
		938497322C8D55A60043C0EF /* Assets.xcassets in Resources */ = {isa = PBXBuildFile; fileRef = 938497162C8D55A60043C0EF /* Assets.xcassets */; };
		938497332C8D55A60043C0EF /* ContentView.swift in Sources */ = {isa = PBXBuildFile; fileRef = 938497172C8D55A60043C0EF /* ContentView.swift */; };
		938497342C8D55A60043C0EF /* ContentView.swift in Sources */ = {isa = PBXBuildFile; fileRef = 938497172C8D55A60043C0EF /* ContentView.swift */; };
		938497352C8D55A60043C0EF /* ContentView.swift in Sources */ = {isa = PBXBuildFile; fileRef = 938497172C8D55A60043C0EF /* ContentView.swift */; };
		938497362C8D55A60043C0EF /* darkpassApp.swift in Sources */ = {isa = PBXBuildFile; fileRef = 938497192C8D55A60043C0EF /* darkpassApp.swift */; };
		938497372C8D55A60043C0EF /* darkpassApp.swift in Sources */ = {isa = PBXBuildFile; fileRef = 938497192C8D55A60043C0EF /* darkpassApp.swift */; };
		938497382C8D55A60043C0EF /* darkpassApp.swift in Sources */ = {isa = PBXBuildFile; fileRef = 938497192C8D55A60043C0EF /* darkpassApp.swift */; };
/* End PBXBuildFile section */

/* Begin PBXContainerItemProxy section */
		938496ED2C8D47EC0043C0EF /* PBXContainerItemProxy */ = {
			isa = PBXContainerItemProxy;
			containerPortal = 938496D32C8D47EA0043C0EF /* Project object */;
			proxyType = 1;
			remoteGlobalIDString = 938496DA2C8D47EA0043C0EF;
			remoteInfo = darkpass;
		};
		938496F72C8D47EC0043C0EF /* PBXContainerItemProxy */ = {
			isa = PBXContainerItemProxy;
			containerPortal = 938496D32C8D47EA0043C0EF /* Project object */;
			proxyType = 1;
			remoteGlobalIDString = 938496DA2C8D47EA0043C0EF;
			remoteInfo = darkpass;
		};
/* End PBXContainerItemProxy section */

/* Begin PBXFileReference section */
		938496DB2C8D47EA0043C0EF /* darkpass.app */ = {isa = PBXFileReference; explicitFileType = wrapper.application; includeInIndex = 0; path = darkpass.app; sourceTree = BUILT_PRODUCTS_DIR; };
		938496DE2C8D47EA0043C0EF /* darkpassApp.swift */ = {isa = PBXFileReference; lastKnownFileType = sourcecode.swift; path = darkpassApp.swift; sourceTree = "<group>"; };
		938496E02C8D47EA0043C0EF /* ContentView.swift */ = {isa = PBXFileReference; lastKnownFileType = sourcecode.swift; path = ContentView.swift; sourceTree = "<group>"; };
		938496E22C8D47EC0043C0EF /* Assets.xcassets */ = {isa = PBXFileReference; lastKnownFileType = folder.assetcatalog; path = Assets.xcassets; sourceTree = "<group>"; };
		938496E42C8D47EC0043C0EF /* darkpass.entitlements */ = {isa = PBXFileReference; lastKnownFileType = text.plist.entitlements; path = darkpass.entitlements; sourceTree = "<group>"; };
		938496E62C8D47EC0043C0EF /* Preview Assets.xcassets */ = {isa = PBXFileReference; lastKnownFileType = folder.assetcatalog; path = "Preview Assets.xcassets"; sourceTree = "<group>"; };
		938496EC2C8D47EC0043C0EF /* darkpassTests.xctest */ = {isa = PBXFileReference; explicitFileType = wrapper.cfbundle; includeInIndex = 0; path = darkpassTests.xctest; sourceTree = BUILT_PRODUCTS_DIR; };
		938496F02C8D47EC0043C0EF /* darkpassTests.swift */ = {isa = PBXFileReference; lastKnownFileType = sourcecode.swift; path = darkpassTests.swift; sourceTree = "<group>"; };
		938496F62C8D47EC0043C0EF /* darkpassUITests.xctest */ = {isa = PBXFileReference; explicitFileType = wrapper.cfbundle; includeInIndex = 0; path = darkpassUITests.xctest; sourceTree = BUILT_PRODUCTS_DIR; };
		938496FA2C8D47EC0043C0EF /* darkpassUITests.swift */ = {isa = PBXFileReference; lastKnownFileType = sourcecode.swift; path = darkpassUITests.swift; sourceTree = "<group>"; };
		938496FC2C8D47EC0043C0EF /* darkpassUITestsLaunchTests.swift */ = {isa = PBXFileReference; lastKnownFileType = sourcecode.swift; path = darkpassUITestsLaunchTests.swift; sourceTree = "<group>"; };
		938497092C8D55A60043C0EF /* TerminalTextField.swift */ = {isa = PBXFileReference; fileEncoding = 4; lastKnownFileType = sourcecode.swift; path = TerminalTextField.swift; sourceTree = "<group>"; };
		9384970B2C8D55A60043C0EF /* Color+Extensions.swift */ = {isa = PBXFileReference; fileEncoding = 4; lastKnownFileType = sourcecode.swift; path = "Color+Extensions.swift"; sourceTree = "<group>"; };
		9384970C2C8D55A60043C0EF /* Font+Extensions.swift */ = {isa = PBXFileReference; fileEncoding = 4; lastKnownFileType = sourcecode.swift; path = "Font+Extensions.swift"; sourceTree = "<group>"; };
		9384970F2C8D55A60043C0EF /* Preview Assets.xcassets */ = {isa = PBXFileReference; lastKnownFileType = folder.assetcatalog; path = "Preview Assets.xcassets"; sourceTree = "<group>"; };
		938497112C8D55A60043C0EF /* TypingAnimation.swift */ = {isa = PBXFileReference; fileEncoding = 4; lastKnownFileType = sourcecode.swift; path = TypingAnimation.swift; sourceTree = "<group>"; };
		938497132C8D55A60043C0EF /* CommandLineView.swift */ = {isa = PBXFileReference; fileEncoding = 4; lastKnownFileType = sourcecode.swift; path = CommandLineView.swift; sourceTree = "<group>"; };
		938497142C8D55A60043C0EF /* MainView.swift */ = {isa = PBXFileReference; fileEncoding = 4; lastKnownFileType = sourcecode.swift; path = MainView.swift; sourceTree = "<group>"; };
		938497162C8D55A60043C0EF /* Assets.xcassets */ = {isa = PBXFileReference; lastKnownFileType = folder.assetcatalog; path = Assets.xcassets; sourceTree = "<group>"; };
		938497172C8D55A60043C0EF /* ContentView.swift */ = {isa = PBXFileReference; fileEncoding = 4; lastKnownFileType = sourcecode.swift; path = ContentView.swift; sourceTree = "<group>"; };
		938497182C8D55A60043C0EF /* darkpass.entitlements */ = {isa = PBXFileReference; fileEncoding = 4; lastKnownFileType = text.plist.entitlements; path = darkpass.entitlements; sourceTree = "<group>"; };
		938497192C8D55A60043C0EF /* darkpassApp.swift */ = {isa = PBXFileReference; fileEncoding = 4; lastKnownFileType = sourcecode.swift; path = darkpassApp.swift; sourceTree = "<group>"; };
/* End PBXFileReference section */

/* Begin PBXFrameworksBuildPhase section */
		938496D82C8D47EA0043C0EF /* Frameworks */ = {
			isa = PBXFrameworksBuildPhase;
			buildActionMask = 2147483647;
			files = (
			);
			runOnlyForDeploymentPostprocessing = 0;
		};
		938496E92C8D47EC0043C0EF /* Frameworks */ = {
			isa = PBXFrameworksBuildPhase;
			buildActionMask = 2147483647;
			files = (
			);
			runOnlyForDeploymentPostprocessing = 0;
		};
		938496F32C8D47EC0043C0EF /* Frameworks */ = {
			isa = PBXFrameworksBuildPhase;
			buildActionMask = 2147483647;
			files = (
			);
			runOnlyForDeploymentPostprocessing = 0;
		};
/* End PBXFrameworksBuildPhase section */

/* Begin PBXGroup section */
		938496D22C8D47EA0043C0EF = {
			isa = PBXGroup;
			children = (
				938496DD2C8D47EA0043C0EF /* darkpass */,
				938496EF2C8D47EC0043C0EF /* darkpassTests */,
				938496F92C8D47EC0043C0EF /* darkpassUITests */,
				938496DC2C8D47EA0043C0EF /* Products */,
			);
			sourceTree = "<group>";
		};
		938496DC2C8D47EA0043C0EF /* Products */ = {
			isa = PBXGroup;
			children = (
				938496DB2C8D47EA0043C0EF /* darkpass.app */,
				938496EC2C8D47EC0043C0EF /* darkpassTests.xctest */,
				938496F62C8D47EC0043C0EF /* darkpassUITests.xctest */,
			);
			name = Products;
			sourceTree = "<group>";
		};
		938496DD2C8D47EA0043C0EF /* darkpass */ = {
			isa = PBXGroup;
			children = (
				9384971A2C8D55A60043C0EF /* darkpass */,
				938496DE2C8D47EA0043C0EF /* darkpassApp.swift */,
				938496E02C8D47EA0043C0EF /* ContentView.swift */,
				938496E22C8D47EC0043C0EF /* Assets.xcassets */,
				938496E42C8D47EC0043C0EF /* darkpass.entitlements */,
				938496E52C8D47EC0043C0EF /* Preview Content */,
			);
			path = darkpass;
			sourceTree = "<group>";
		};
		938496E52C8D47EC0043C0EF /* Preview Content */ = {
			isa = PBXGroup;
			children = (
				938496E62C8D47EC0043C0EF /* Preview Assets.xcassets */,
			);
			path = "Preview Content";
			sourceTree = "<group>";
		};
		938496EF2C8D47EC0043C0EF /* darkpassTests */ = {
			isa = PBXGroup;
			children = (
				938496F02C8D47EC0043C0EF /* darkpassTests.swift */,
			);
			path = darkpassTests;
			sourceTree = "<group>";
		};
		938496F92C8D47EC0043C0EF /* darkpassUITests */ = {
			isa = PBXGroup;
			children = (
				938496FA2C8D47EC0043C0EF /* darkpassUITests.swift */,
				938496FC2C8D47EC0043C0EF /* darkpassUITestsLaunchTests.swift */,
			);
			path = darkpassUITests;
			sourceTree = "<group>";
		};
		9384970A2C8D55A60043C0EF /* Components */ = {
			isa = PBXGroup;
			children = (
				938497092C8D55A60043C0EF /* TerminalTextField.swift */,
			);
			path = Components;
			sourceTree = "<group>";
		};
		9384970D2C8D55A60043C0EF /* Extensions */ = {
			isa = PBXGroup;
			children = (
				9384970B2C8D55A60043C0EF /* Color+Extensions.swift */,
				9384970C2C8D55A60043C0EF /* Font+Extensions.swift */,
			);
			path = Extensions;
			sourceTree = "<group>";
		};
		9384970E2C8D55A60043C0EF /* Models */ = {
			isa = PBXGroup;
			children = (
			);
			path = Models;
			sourceTree = "<group>";
		};
		938497102C8D55A60043C0EF /* Preview Content */ = {
			isa = PBXGroup;
			children = (
				9384970F2C8D55A60043C0EF /* Preview Assets.xcassets */,
			);
			path = "Preview Content";
			sourceTree = "<group>";
		};
		938497122C8D55A60043C0EF /* Utilities */ = {
			isa = PBXGroup;
			children = (
				938497112C8D55A60043C0EF /* TypingAnimation.swift */,
			);
			path = Utilities;
			sourceTree = "<group>";
		};
		938497152C8D55A60043C0EF /* Views */ = {
			isa = PBXGroup;
			children = (
				938497132C8D55A60043C0EF /* CommandLineView.swift */,
				938497142C8D55A60043C0EF /* MainView.swift */,
			);
			path = Views;
			sourceTree = "<group>";
		};
		9384971A2C8D55A60043C0EF /* darkpass */ = {
			isa = PBXGroup;
			children = (
				9384970A2C8D55A60043C0EF /* Components */,
				9384970D2C8D55A60043C0EF /* Extensions */,
				9384970E2C8D55A60043C0EF /* Models */,
				938497102C8D55A60043C0EF /* Preview Content */,
				938497122C8D55A60043C0EF /* Utilities */,
				938497152C8D55A60043C0EF /* Views */,
				938497162C8D55A60043C0EF /* Assets.xcassets */,
				938497172C8D55A60043C0EF /* ContentView.swift */,
				938497182C8D55A60043C0EF /* darkpass.entitlements */,
				938497192C8D55A60043C0EF /* darkpassApp.swift */,
			);
			name = darkpass;
			sourceTree = "<group>";
		};
/* End PBXGroup section */

/* Begin PBXNativeTarget section */
		938496DA2C8D47EA0043C0EF /* darkpass */ = {
			isa = PBXNativeTarget;
			buildConfigurationList = 938497002C8D47EC0043C0EF /* Build configuration list for PBXNativeTarget "darkpass" */;
			buildPhases = (
				938496D72C8D47EA0043C0EF /* Sources */,
				938496D82C8D47EA0043C0EF /* Frameworks */,
				938496D92C8D47EA0043C0EF /* Resources */,
			);
			buildRules = (
			);
			dependencies = (
			);
			name = darkpass;
			productName = darkpass;
			productReference = 938496DB2C8D47EA0043C0EF /* darkpass.app */;
			productType = "com.apple.product-type.application";
		};
		938496EB2C8D47EC0043C0EF /* darkpassTests */ = {
			isa = PBXNativeTarget;
			buildConfigurationList = 938497032C8D47EC0043C0EF /* Build configuration list for PBXNativeTarget "darkpassTests" */;
			buildPhases = (
				938496E82C8D47EC0043C0EF /* Sources */,
				938496E92C8D47EC0043C0EF /* Frameworks */,
				938496EA2C8D47EC0043C0EF /* Resources */,
			);
			buildRules = (
			);
			dependencies = (
				938496EE2C8D47EC0043C0EF /* PBXTargetDependency */,
			);
			name = darkpassTests;
			productName = darkpassTests;
			productReference = 938496EC2C8D47EC0043C0EF /* darkpassTests.xctest */;
			productType = "com.apple.product-type.bundle.unit-test";
		};
		938496F52C8D47EC0043C0EF /* darkpassUITests */ = {
			isa = PBXNativeTarget;
			buildConfigurationList = 938497062C8D47EC0043C0EF /* Build configuration list for PBXNativeTarget "darkpassUITests" */;
			buildPhases = (
				938496F22C8D47EC0043C0EF /* Sources */,
				938496F32C8D47EC0043C0EF /* Frameworks */,
				938496F42C8D47EC0043C0EF /* Resources */,
			);
			buildRules = (
			);
			dependencies = (
				938496F82C8D47EC0043C0EF /* PBXTargetDependency */,
			);
			name = darkpassUITests;
			productName = darkpassUITests;
			productReference = 938496F62C8D47EC0043C0EF /* darkpassUITests.xctest */;
			productType = "com.apple.product-type.bundle.ui-testing";
		};
/* End PBXNativeTarget section */

/* Begin PBXProject section */
		938496D32C8D47EA0043C0EF /* Project object */ = {
			isa = PBXProject;
			attributes = {
				BuildIndependentTargetsInParallel = 1;
				LastSwiftUpdateCheck = 1540;
				LastUpgradeCheck = 1540;
				TargetAttributes = {
					938496DA2C8D47EA0043C0EF = {
						CreatedOnToolsVersion = 15.4;
					};
					938496EB2C8D47EC0043C0EF = {
						CreatedOnToolsVersion = 15.4;
						TestTargetID = 938496DA2C8D47EA0043C0EF;
					};
					938496F52C8D47EC0043C0EF = {
						CreatedOnToolsVersion = 15.4;
						TestTargetID = 938496DA2C8D47EA0043C0EF;
					};
				};
			};
			buildConfigurationList = 938496D62C8D47EA0043C0EF /* Build configuration list for PBXProject "darkpass" */;
			compatibilityVersion = "Xcode 14.0";
			developmentRegion = en;
			hasScannedForEncodings = 0;
			knownRegions = (
				en,
				Base,
			);
			mainGroup = 938496D22C8D47EA0043C0EF;
			productRefGroup = 938496DC2C8D47EA0043C0EF /* Products */;
			projectDirPath = "";
			projectRoot = "";
			targets = (
				938496DA2C8D47EA0043C0EF /* darkpass */,
				938496EB2C8D47EC0043C0EF /* darkpassTests */,
				938496F52C8D47EC0043C0EF /* darkpassUITests */,
			);
		};
/* End PBXProject section */

/* Begin PBXResourcesBuildPhase section */
		938496D92C8D47EA0043C0EF /* Resources */ = {
			isa = PBXResourcesBuildPhase;
			buildActionMask = 2147483647;
			files = (
				938496E72C8D47EC0043C0EF /* Preview Assets.xcassets in Resources */,
				938497242C8D55A60043C0EF /* Preview Assets.xcassets in Resources */,
				938497302C8D55A60043C0EF /* Assets.xcassets in Resources */,
				938496E32C8D47EC0043C0EF /* Assets.xcassets in Resources */,
			);
			runOnlyForDeploymentPostprocessing = 0;
		};
		938496EA2C8D47EC0043C0EF /* Resources */ = {
			isa = PBXResourcesBuildPhase;
			buildActionMask = 2147483647;
			files = (
				938497312C8D55A60043C0EF /* Assets.xcassets in Resources */,
				938497252C8D55A60043C0EF /* Preview Assets.xcassets in Resources */,
			);
			runOnlyForDeploymentPostprocessing = 0;
		};
		938496F42C8D47EC0043C0EF /* Resources */ = {
			isa = PBXResourcesBuildPhase;
			buildActionMask = 2147483647;
			files = (
				938497322C8D55A60043C0EF /* Assets.xcassets in Resources */,
				938497262C8D55A60043C0EF /* Preview Assets.xcassets in Resources */,
			);
			runOnlyForDeploymentPostprocessing = 0;
		};
/* End PBXResourcesBuildPhase section */

/* Begin PBXSourcesBuildPhase section */
		938496D72C8D47EA0043C0EF /* Sources */ = {
			isa = PBXSourcesBuildPhase;
			buildActionMask = 2147483647;
			files = (
				938496E12C8D47EA0043C0EF /* ContentView.swift in Sources */,
				9384972D2C8D55A60043C0EF /* MainView.swift in Sources */,
				938497362C8D55A60043C0EF /* darkpassApp.swift in Sources */,
				938496DF2C8D47EA0043C0EF /* darkpassApp.swift in Sources */,
				938497212C8D55A60043C0EF /* Font+Extensions.swift in Sources */,
				938497272C8D55A60043C0EF /* TypingAnimation.swift in Sources */,
				938497332C8D55A60043C0EF /* ContentView.swift in Sources */,
				9384971B2C8D55A60043C0EF /* TerminalTextField.swift in Sources */,
				9384972A2C8D55A60043C0EF /* CommandLineView.swift in Sources */,
				9384971E2C8D55A60043C0EF /* Color+Extensions.swift in Sources */,
			);
			runOnlyForDeploymentPostprocessing = 0;
		};
		938496E82C8D47EC0043C0EF /* Sources */ = {
			isa = PBXSourcesBuildPhase;
			buildActionMask = 2147483647;
			files = (
				938496F12C8D47EC0043C0EF /* darkpassTests.swift in Sources */,
				9384972E2C8D55A60043C0EF /* MainView.swift in Sources */,
				938497372C8D55A60043C0EF /* darkpassApp.swift in Sources */,
				938497342C8D55A60043C0EF /* ContentView.swift in Sources */,
				938497282C8D55A60043C0EF /* TypingAnimation.swift in Sources */,
				9384972B2C8D55A60043C0EF /* CommandLineView.swift in Sources */,
				9384971C2C8D55A60043C0EF /* TerminalTextField.swift in Sources */,
				938497222C8D55A60043C0EF /* Font+Extensions.swift in Sources */,
				9384971F2C8D55A60043C0EF /* Color+Extensions.swift in Sources */,
			);
			runOnlyForDeploymentPostprocessing = 0;
		};
		938496F22C8D47EC0043C0EF /* Sources */ = {
			isa = PBXSourcesBuildPhase;
			buildActionMask = 2147483647;
			files = (
				938496FD2C8D47EC0043C0EF /* darkpassUITestsLaunchTests.swift in Sources */,
				9384972F2C8D55A60043C0EF /* MainView.swift in Sources */,
				938497382C8D55A60043C0EF /* darkpassApp.swift in Sources */,
				938496FB2C8D47EC0043C0EF /* darkpassUITests.swift in Sources */,
				938497232C8D55A60043C0EF /* Font+Extensions.swift in Sources */,
				938497292C8D55A60043C0EF /* TypingAnimation.swift in Sources */,
				938497352C8D55A60043C0EF /* ContentView.swift in Sources */,
				9384971D2C8D55A60043C0EF /* TerminalTextField.swift in Sources */,
				9384972C2C8D55A60043C0EF /* CommandLineView.swift in Sources */,
				938497202C8D55A60043C0EF /* Color+Extensions.swift in Sources */,
			);
			runOnlyForDeploymentPostprocessing = 0;
		};
/* End PBXSourcesBuildPhase section */

/* Begin PBXTargetDependency section */
		938496EE2C8D47EC0043C0EF /* PBXTargetDependency */ = {
			isa = PBXTargetDependency;
			target = 938496DA2C8D47EA0043C0EF /* darkpass */;
			targetProxy = 938496ED2C8D47EC0043C0EF /* PBXContainerItemProxy */;
		};
		938496F82C8D47EC0043C0EF /* PBXTargetDependency */ = {
			isa = PBXTargetDependency;
			target = 938496DA2C8D47EA0043C0EF /* darkpass */;
			targetProxy = 938496F72C8D47EC0043C0EF /* PBXContainerItemProxy */;
		};
/* End PBXTargetDependency section */

/* Begin XCBuildConfiguration section */
		938496FE2C8D47EC0043C0EF /* Debug */ = {
			isa = XCBuildConfiguration;
			buildSettings = {
				ALWAYS_SEARCH_USER_PATHS = NO;
				ASSETCATALOG_COMPILER_GENERATE_SWIFT_ASSET_SYMBOL_EXTENSIONS = YES;
				CLANG_ANALYZER_NONNULL = YES;
				CLANG_ANALYZER_NUMBER_OBJECT_CONVERSION = YES_AGGRESSIVE;
				CLANG_CXX_LANGUAGE_STANDARD = "gnu++20";
				CLANG_ENABLE_MODULES = YES;
				CLANG_ENABLE_OBJC_ARC = YES;
				CLANG_ENABLE_OBJC_WEAK = YES;
				CLANG_WARN_BLOCK_CAPTURE_AUTORELEASING = YES;
				CLANG_WARN_BOOL_CONVERSION = YES;
				CLANG_WARN_COMMA = YES;
				CLANG_WARN_CONSTANT_CONVERSION = YES;
				CLANG_WARN_DEPRECATED_OBJC_IMPLEMENTATIONS = YES;
				CLANG_WARN_DIRECT_OBJC_ISA_USAGE = YES_ERROR;
				CLANG_WARN_DOCUMENTATION_COMMENTS = YES;
				CLANG_WARN_EMPTY_BODY = YES;
				CLANG_WARN_ENUM_CONVERSION = YES;
				CLANG_WARN_INFINITE_RECURSION = YES;
				CLANG_WARN_INT_CONVERSION = YES;
				CLANG_WARN_NON_LITERAL_NULL_CONVERSION = YES;
				CLANG_WARN_OBJC_IMPLICIT_RETAIN_SELF = YES;
				CLANG_WARN_OBJC_LITERAL_CONVERSION = YES;
				CLANG_WARN_OBJC_ROOT_CLASS = YES_ERROR;
				CLANG_WARN_QUOTED_INCLUDE_IN_FRAMEWORK_HEADER = YES;
				CLANG_WARN_RANGE_LOOP_ANALYSIS = YES;
				CLANG_WARN_STRICT_PROTOTYPES = YES;
				CLANG_WARN_SUSPICIOUS_MOVE = YES;
				CLANG_WARN_UNGUARDED_AVAILABILITY = YES_AGGRESSIVE;
				CLANG_WARN_UNREACHABLE_CODE = YES;
				CLANG_WARN__DUPLICATE_METHOD_MATCH = YES;
				COPY_PHASE_STRIP = NO;
				DEBUG_INFORMATION_FORMAT = dwarf;
				ENABLE_STRICT_OBJC_MSGSEND = YES;
				ENABLE_TESTABILITY = YES;
				ENABLE_USER_SCRIPT_SANDBOXING = YES;
				GCC_C_LANGUAGE_STANDARD = gnu17;
				GCC_DYNAMIC_NO_PIC = NO;
				GCC_NO_COMMON_BLOCKS = YES;
				GCC_OPTIMIZATION_LEVEL = 0;
				GCC_PREPROCESSOR_DEFINITIONS = (
					"DEBUG=1",
					"$(inherited)",
				);
				GCC_WARN_64_TO_32_BIT_CONVERSION = YES;
				GCC_WARN_ABOUT_RETURN_TYPE = YES_ERROR;
				GCC_WARN_UNDECLARED_SELECTOR = YES;
				GCC_WARN_UNINITIALIZED_AUTOS = YES_AGGRESSIVE;
				GCC_WARN_UNUSED_FUNCTION = YES;
				GCC_WARN_UNUSED_VARIABLE = YES;
				LOCALIZATION_PREFERS_STRING_CATALOGS = YES;
				MTL_ENABLE_DEBUG_INFO = INCLUDE_SOURCE;
				MTL_FAST_MATH = YES;
				ONLY_ACTIVE_ARCH = YES;
				SWIFT_ACTIVE_COMPILATION_CONDITIONS = "DEBUG $(inherited)";
				SWIFT_OPTIMIZATION_LEVEL = "-Onone";
			};
			name = Debug;
		};
		938496FF2C8D47EC0043C0EF /* Release */ = {
			isa = XCBuildConfiguration;
			buildSettings = {
				ALWAYS_SEARCH_USER_PATHS = NO;
				ASSETCATALOG_COMPILER_GENERATE_SWIFT_ASSET_SYMBOL_EXTENSIONS = YES;
				CLANG_ANALYZER_NONNULL = YES;
				CLANG_ANALYZER_NUMBER_OBJECT_CONVERSION = YES_AGGRESSIVE;
				CLANG_CXX_LANGUAGE_STANDARD = "gnu++20";
				CLANG_ENABLE_MODULES = YES;
				CLANG_ENABLE_OBJC_ARC = YES;
				CLANG_ENABLE_OBJC_WEAK = YES;
				CLANG_WARN_BLOCK_CAPTURE_AUTORELEASING = YES;
				CLANG_WARN_BOOL_CONVERSION = YES;
				CLANG_WARN_COMMA = YES;
				CLANG_WARN_CONSTANT_CONVERSION = YES;
				CLANG_WARN_DEPRECATED_OBJC_IMPLEMENTATIONS = YES;
				CLANG_WARN_DIRECT_OBJC_ISA_USAGE = YES_ERROR;
				CLANG_WARN_DOCUMENTATION_COMMENTS = YES;
				CLANG_WARN_EMPTY_BODY = YES;
				CLANG_WARN_ENUM_CONVERSION = YES;
				CLANG_WARN_INFINITE_RECURSION = YES;
				CLANG_WARN_INT_CONVERSION = YES;
				CLANG_WARN_NON_LITERAL_NULL_CONVERSION = YES;
				CLANG_WARN_OBJC_IMPLICIT_RETAIN_SELF = YES;
				CLANG_WARN_OBJC_LITERAL_CONVERSION = YES;
				CLANG_WARN_OBJC_ROOT_CLASS = YES_ERROR;
				CLANG_WARN_QUOTED_INCLUDE_IN_FRAMEWORK_HEADER = YES;
				CLANG_WARN_RANGE_LOOP_ANALYSIS = YES;
				CLANG_WARN_STRICT_PROTOTYPES = YES;
				CLANG_WARN_SUSPICIOUS_MOVE = YES;
				CLANG_WARN_UNGUARDED_AVAILABILITY = YES_AGGRESSIVE;
				CLANG_WARN_UNREACHABLE_CODE = YES;
				CLANG_WARN__DUPLICATE_METHOD_MATCH = YES;
				COPY_PHASE_STRIP = NO;
				DEBUG_INFORMATION_FORMAT = "dwarf-with-dsym";
				ENABLE_NS_ASSERTIONS = NO;
				ENABLE_STRICT_OBJC_MSGSEND = YES;
				ENABLE_USER_SCRIPT_SANDBOXING = YES;
				GCC_C_LANGUAGE_STANDARD = gnu17;
				GCC_NO_COMMON_BLOCKS = YES;
				GCC_WARN_64_TO_32_BIT_CONVERSION = YES;
				GCC_WARN_ABOUT_RETURN_TYPE = YES_ERROR;
				GCC_WARN_UNDECLARED_SELECTOR = YES;
				GCC_WARN_UNINITIALIZED_AUTOS = YES_AGGRESSIVE;
				GCC_WARN_UNUSED_FUNCTION = YES;
				GCC_WARN_UNUSED_VARIABLE = YES;
				LOCALIZATION_PREFERS_STRING_CATALOGS = YES;
				MTL_ENABLE_DEBUG_INFO = NO;
				MTL_FAST_MATH = YES;
				SWIFT_COMPILATION_MODE = wholemodule;
			};
			name = Release;
		};
		938497012C8D47EC0043C0EF /* Debug */ = {
			isa = XCBuildConfiguration;
			buildSettings = {
				ASSETCATALOG_COMPILER_APPICON_NAME = AppIcon;
				ASSETCATALOG_COMPILER_GLOBAL_ACCENT_COLOR_NAME = AccentColor;
				CODE_SIGN_ENTITLEMENTS = darkpass/darkpass.entitlements;
				CODE_SIGN_STYLE = Automatic;
				CURRENT_PROJECT_VERSION = 1;
				DEVELOPMENT_ASSET_PATHS = "\"darkpass/Preview Content\"";
				ENABLE_PREVIEWS = YES;
				GENERATE_INFOPLIST_FILE = YES;
				"INFOPLIST_KEY_UIApplicationSceneManifest_Generation[sdk=iphoneos*]" = YES;
				"INFOPLIST_KEY_UIApplicationSceneManifest_Generation[sdk=iphonesimulator*]" = YES;
				"INFOPLIST_KEY_UIApplicationSupportsIndirectInputEvents[sdk=iphoneos*]" = YES;
				"INFOPLIST_KEY_UIApplicationSupportsIndirectInputEvents[sdk=iphonesimulator*]" = YES;
				"INFOPLIST_KEY_UILaunchScreen_Generation[sdk=iphoneos*]" = YES;
				"INFOPLIST_KEY_UILaunchScreen_Generation[sdk=iphonesimulator*]" = YES;
				"INFOPLIST_KEY_UIStatusBarStyle[sdk=iphoneos*]" = UIStatusBarStyleDefault;
				"INFOPLIST_KEY_UIStatusBarStyle[sdk=iphonesimulator*]" = UIStatusBarStyleDefault;
				INFOPLIST_KEY_UISupportedInterfaceOrientations_iPad = "UIInterfaceOrientationPortrait UIInterfaceOrientationPortraitUpsideDown UIInterfaceOrientationLandscapeLeft UIInterfaceOrientationLandscapeRight";
				INFOPLIST_KEY_UISupportedInterfaceOrientations_iPhone = "UIInterfaceOrientationPortrait UIInterfaceOrientationLandscapeLeft UIInterfaceOrientationLandscapeRight";
				IPHONEOS_DEPLOYMENT_TARGET = 17.5;
				LD_RUNPATH_SEARCH_PATHS = "@executable_path/Frameworks";
				"LD_RUNPATH_SEARCH_PATHS[sdk=macosx*]" = "@executable_path/../Frameworks";
				MACOSX_DEPLOYMENT_TARGET = 14.5;
				MARKETING_VERSION = 1.0;
				PRODUCT_BUNDLE_IDENTIFIER = zyn.darkpass;
				PRODUCT_NAME = "$(TARGET_NAME)";
				SDKROOT = auto;
				SUPPORTED_PLATFORMS = "iphoneos iphonesimulator macosx";
				SWIFT_EMIT_LOC_STRINGS = YES;
				SWIFT_VERSION = 5.0;
				TARGETED_DEVICE_FAMILY = "1,2";
			};
			name = Debug;
		};
		938497022C8D47EC0043C0EF /* Release */ = {
			isa = XCBuildConfiguration;
			buildSettings = {
				ASSETCATALOG_COMPILER_APPICON_NAME = AppIcon;
				ASSETCATALOG_COMPILER_GLOBAL_ACCENT_COLOR_NAME = AccentColor;
				CODE_SIGN_ENTITLEMENTS = darkpass/darkpass.entitlements;
				CODE_SIGN_STYLE = Automatic;
				CURRENT_PROJECT_VERSION = 1;
				DEVELOPMENT_ASSET_PATHS = "\"darkpass/Preview Content\"";
				ENABLE_PREVIEWS = YES;
				GENERATE_INFOPLIST_FILE = YES;
				"INFOPLIST_KEY_UIApplicationSceneManifest_Generation[sdk=iphoneos*]" = YES;
				"INFOPLIST_KEY_UIApplicationSceneManifest_Generation[sdk=iphonesimulator*]" = YES;
				"INFOPLIST_KEY_UIApplicationSupportsIndirectInputEvents[sdk=iphoneos*]" = YES;
				"INFOPLIST_KEY_UIApplicationSupportsIndirectInputEvents[sdk=iphonesimulator*]" = YES;
				"INFOPLIST_KEY_UILaunchScreen_Generation[sdk=iphoneos*]" = YES;
				"INFOPLIST_KEY_UILaunchScreen_Generation[sdk=iphonesimulator*]" = YES;
				"INFOPLIST_KEY_UIStatusBarStyle[sdk=iphoneos*]" = UIStatusBarStyleDefault;
				"INFOPLIST_KEY_UIStatusBarStyle[sdk=iphonesimulator*]" = UIStatusBarStyleDefault;
				INFOPLIST_KEY_UISupportedInterfaceOrientations_iPad = "UIInterfaceOrientationPortrait UIInterfaceOrientationPortraitUpsideDown UIInterfaceOrientationLandscapeLeft UIInterfaceOrientationLandscapeRight";
				INFOPLIST_KEY_UISupportedInterfaceOrientations_iPhone = "UIInterfaceOrientationPortrait UIInterfaceOrientationLandscapeLeft UIInterfaceOrientationLandscapeRight";
				IPHONEOS_DEPLOYMENT_TARGET = 17.5;
				LD_RUNPATH_SEARCH_PATHS = "@executable_path/Frameworks";
				"LD_RUNPATH_SEARCH_PATHS[sdk=macosx*]" = "@executable_path/../Frameworks";
				MACOSX_DEPLOYMENT_TARGET = 14.5;
				MARKETING_VERSION = 1.0;
				PRODUCT_BUNDLE_IDENTIFIER = zyn.darkpass;
				PRODUCT_NAME = "$(TARGET_NAME)";
				SDKROOT = auto;
				SUPPORTED_PLATFORMS = "iphoneos iphonesimulator macosx";
				SWIFT_EMIT_LOC_STRINGS = YES;
				SWIFT_VERSION = 5.0;
				TARGETED_DEVICE_FAMILY = "1,2";
			};
			name = Release;
		};
		938497042C8D47EC0043C0EF /* Debug */ = {
			isa = XCBuildConfiguration;
			buildSettings = {
				ALWAYS_EMBED_SWIFT_STANDARD_LIBRARIES = YES;
				BUNDLE_LOADER = "$(TEST_HOST)";
				CODE_SIGN_STYLE = Automatic;
				CURRENT_PROJECT_VERSION = 1;
				GENERATE_INFOPLIST_FILE = YES;
				IPHONEOS_DEPLOYMENT_TARGET = 17.5;
				MACOSX_DEPLOYMENT_TARGET = 14.5;
				MARKETING_VERSION = 1.0;
				PRODUCT_BUNDLE_IDENTIFIER = zyn.darkpassTests;
				PRODUCT_NAME = "$(TARGET_NAME)";
				SDKROOT = auto;
				SUPPORTED_PLATFORMS = "iphoneos iphonesimulator macosx";
				SWIFT_EMIT_LOC_STRINGS = NO;
				SWIFT_VERSION = 5.0;
				TARGETED_DEVICE_FAMILY = "1,2";
				TEST_HOST = "$(BUILT_PRODUCTS_DIR)/darkpass.app/$(BUNDLE_EXECUTABLE_FOLDER_PATH)/darkpass";
			};
			name = Debug;
		};
		938497052C8D47EC0043C0EF /* Release */ = {
			isa = XCBuildConfiguration;
			buildSettings = {
				ALWAYS_EMBED_SWIFT_STANDARD_LIBRARIES = YES;
				BUNDLE_LOADER = "$(TEST_HOST)";
				CODE_SIGN_STYLE = Automatic;
				CURRENT_PROJECT_VERSION = 1;
				GENERATE_INFOPLIST_FILE = YES;
				IPHONEOS_DEPLOYMENT_TARGET = 17.5;
				MACOSX_DEPLOYMENT_TARGET = 14.5;
				MARKETING_VERSION = 1.0;
				PRODUCT_BUNDLE_IDENTIFIER = zyn.darkpassTests;
				PRODUCT_NAME = "$(TARGET_NAME)";
				SDKROOT = auto;
				SUPPORTED_PLATFORMS = "iphoneos iphonesimulator macosx";
				SWIFT_EMIT_LOC_STRINGS = NO;
				SWIFT_VERSION = 5.0;
				TARGETED_DEVICE_FAMILY = "1,2";
				TEST_HOST = "$(BUILT_PRODUCTS_DIR)/darkpass.app/$(BUNDLE_EXECUTABLE_FOLDER_PATH)/darkpass";
			};
			name = Release;
		};
		938497072C8D47EC0043C0EF /* Debug */ = {
			isa = XCBuildConfiguration;
			buildSettings = {
				ALWAYS_EMBED_SWIFT_STANDARD_LIBRARIES = YES;
				CODE_SIGN_STYLE = Automatic;
				CURRENT_PROJECT_VERSION = 1;
				GENERATE_INFOPLIST_FILE = YES;
				IPHONEOS_DEPLOYMENT_TARGET = 17.5;
				MACOSX_DEPLOYMENT_TARGET = 14.5;
				MARKETING_VERSION = 1.0;
				PRODUCT_BUNDLE_IDENTIFIER = zyn.darkpassUITests;
				PRODUCT_NAME = "$(TARGET_NAME)";
				SDKROOT = auto;
				SUPPORTED_PLATFORMS = "iphoneos iphonesimulator macosx";
				SWIFT_EMIT_LOC_STRINGS = NO;
				SWIFT_VERSION = 5.0;
				TARGETED_DEVICE_FAMILY = "1,2";
				TEST_TARGET_NAME = darkpass;
			};
			name = Debug;
		};
		938497082C8D47EC0043C0EF /* Release */ = {
			isa = XCBuildConfiguration;
			buildSettings = {
				ALWAYS_EMBED_SWIFT_STANDARD_LIBRARIES = YES;
				CODE_SIGN_STYLE = Automatic;
				CURRENT_PROJECT_VERSION = 1;
				GENERATE_INFOPLIST_FILE = YES;
				IPHONEOS_DEPLOYMENT_TARGET = 17.5;
				MACOSX_DEPLOYMENT_TARGET = 14.5;
				MARKETING_VERSION = 1.0;
				PRODUCT_BUNDLE_IDENTIFIER = zyn.darkpassUITests;
				PRODUCT_NAME = "$(TARGET_NAME)";
				SDKROOT = auto;
				SUPPORTED_PLATFORMS = "iphoneos iphonesimulator macosx";
				SWIFT_EMIT_LOC_STRINGS = NO;
				SWIFT_VERSION = 5.0;
				TARGETED_DEVICE_FAMILY = "1,2";
				TEST_TARGET_NAME = darkpass;
			};
			name = Release;
		};
/* End XCBuildConfiguration section */

/* Begin XCConfigurationList section */
		938496D62C8D47EA0043C0EF /* Build configuration list for PBXProject "darkpass" */ = {
			isa = XCConfigurationList;
			buildConfigurations = (
				938496FE2C8D47EC0043C0EF /* Debug */,
				938496FF2C8D47EC0043C0EF /* Release */,
			);
			defaultConfigurationIsVisible = 0;
			defaultConfigurationName = Release;
		};
		938497002C8D47EC0043C0EF /* Build configuration list for PBXNativeTarget "darkpass" */ = {
			isa = XCConfigurationList;
			buildConfigurations = (
				938497012C8D47EC0043C0EF /* Debug */,
				938497022C8D47EC0043C0EF /* Release */,
			);
			defaultConfigurationIsVisible = 0;
			defaultConfigurationName = Release;
		};
		938497032C8D47EC0043C0EF /* Build configuration list for PBXNativeTarget "darkpassTests" */ = {
			isa = XCConfigurationList;
			buildConfigurations = (
				938497042C8D47EC0043C0EF /* Debug */,
				938497052C8D47EC0043C0EF /* Release */,
			);
			defaultConfigurationIsVisible = 0;
			defaultConfigurationName = Release;
		};
		938497062C8D47EC0043C0EF /* Build configuration list for PBXNativeTarget "darkpassUITests" */ = {
			isa = XCConfigurationList;
			buildConfigurations = (
				938497072C8D47EC0043C0EF /* Debug */,
				938497082C8D47EC0043C0EF /* Release */,
			);
			defaultConfigurationIsVisible = 0;
			defaultConfigurationName = Release;
		};
/* End XCConfigurationList section */
	};
	rootObject = 938496D32C8D47EA0043C0EF /* Project object */;
}
